
Microsoft Visual Studio Solution File, Format Version 12.00
# Visual Studio 14
VisualStudioVersion = 14.0.23107.0
MinimumVisualStudioVersion = 10.0.40219.1
Project("{FAE04EC0-301F-11D3-BF4B-00C04F79EFBC}") = "HttpDataStore", "HttpDataStore\HttpDataStore.csproj", "{F098BC2C-0630-4FDD-88FB-E1D97464A886}"
EndProject
Project("{FAE04EC0-301F-11D3-BF4B-00C04F79EFBC}") = "HttpDataStore.Tester", "HttpDataStore.Tester\HttpDataStore.Tester.csproj", "{16D1A118-8D97-4F7F-BBC1-1F964D96CE5C}"
EndProject
Project("{FAE04EC0-301F-11D3-BF4B-00C04F79EFBC}") = "HttpDataStore.Client", "HttpDataStore.Client\HttpDataStore.Client.csproj", "{E702F25C-1C61-4AE1-8E86-B6B442AD4813}"
EndProject
Project("{FAE04EC0-301F-11D3-BF4B-00C04F79EFBC}") = "HttpDataStore.Model", "HttpDataStore.Model\HttpDataStore.Model.csproj", "{0D5E9677-F352-42AC-8EA5-2A90A2521C8B}"
EndProject
Project("{2150E333-8FDC-42A3-9474-1A3956D46DE8}") = ".nuget", ".nuget", "{DDDEF19A-62A7-4EBC-8FBF-0F9AEBC2BC3C}"
	ProjectSection(SolutionItems) = preProject
		.nuget\NuGet.Config = .nuget\NuGet.Config
		.nuget\NuGet.exe = .nuget\NuGet.exe
		.nuget\NuGet.targets = .nuget\NuGet.targets
	EndProjectSection
EndProject
Project("{FAE04EC0-301F-11D3-BF4B-00C04F79EFBC}") = "HttpDataStore.Store", "HttpDataStore.Store\HttpDataStore.Store.csproj", "{CDED8E00-D34A-491F-9FC2-F568954826DF}"
EndProject
Global
	GlobalSection(SolutionConfigurationPlatforms) = preSolution
		Debug|Any CPU = Debug|Any CPU
		Release|Any CPU = Release|Any CPU
	EndGlobalSection
	GlobalSection(ProjectConfigurationPlatforms) = postSolution
		{F098BC2C-0630-4FDD-88FB-E1D97464A886}.Debug|Any CPU.ActiveCfg = Debug|Any CPU
		{F098BC2C-0630-4FDD-88FB-E1D97464A886}.Debug|Any CPU.Build.0 = Debug|Any CPU
		{F098BC2C-0630-4FDD-88FB-E1D97464A886}.Release|Any CPU.ActiveCfg = Release|Any CPU
		{F098BC2C-0630-4FDD-88FB-E1D97464A886}.Release|Any CPU.Build.0 = Release|Any CPU
		{16D1A118-8D97-4F7F-BBC1-1F964D96CE5C}.Debug|Any CPU.ActiveCfg = Debug|Any CPU
		{16D1A118-8D97-4F7F-BBC1-1F964D96CE5C}.Debug|Any CPU.Build.0 = Debug|Any CPU
		{16D1A118-8D97-4F7F-BBC1-1F964D96CE5C}.Release|Any CPU.ActiveCfg = Release|Any CPU
		{16D1A118-8D97-4F7F-BBC1-1F964D96CE5C}.Release|Any CPU.Build.0 = Release|Any CPU
		{E702F25C-1C61-4AE1-8E86-B6B442AD4813}.Debug|Any CPU.ActiveCfg = Debug|Any CPU
		{E702F25C-1C61-4AE1-8E86-B6B442AD4813}.Debug|Any CPU.Build.0 = Debug|Any CPU
		{E702F25C-1C61-4AE1-8E86-B6B442AD4813}.Release|Any CPU.ActiveCfg = Release|Any CPU
		{E702F25C-1C61-4AE1-8E86-B6B442AD4813}.Release|Any CPU.Build.0 = Release|Any CPU
		{0D5E9677-F352-42AC-8EA5-2A90A2521C8B}.Debug|Any CPU.ActiveCfg = Debug|Any CPU
		{0D5E9677-F352-42AC-8EA5-2A90A2521C8B}.Debug|Any CPU.Build.0 = Debug|Any CPU
		{0D5E9677-F352-42AC-8EA5-2A90A2521C8B}.Release|Any CPU.ActiveCfg = Release|Any CPU
		{0D5E9677-F352-42AC-8EA5-2A90A2521C8B}.Release|Any CPU.Build.0 = Release|Any CPU
		{CDED8E00-D34A-491F-9FC2-F568954826DF}.Debug|Any CPU.ActiveCfg = Debug|Any CPU
		{CDED8E00-D34A-491F-9FC2-F568954826DF}.Debug|Any CPU.Build.0 = Debug|Any CPU
		{CDED8E00-D34A-491F-9FC2-F568954826DF}.Release|Any CPU.ActiveCfg = Release|Any CPU
		{CDED8E00-D34A-491F-9FC2-F568954826DF}.Release|Any CPU.Build.0 = Release|Any CPU
	EndGlobalSection
	GlobalSection(SolutionProperties) = preSolution
		HideSolutionNode = FALSE
	EndGlobalSection
EndGlobal
